
Microsoft Visual Studio Solution File, Format Version 12.00
# Visual Studio Version 17
VisualStudioVersion = 17.5.33530.505
MinimumVisualStudioVersion = 10.0.40219.1
Project("{FAE04EC0-301F-11D3-BF4B-00C04F79EFBC}") = "WebAppMVC430", "WebAppMVC430\WebAppMVC430.csproj", "{D4C68A5E-D826-48C7-9A22-133C41C71302}"
EndProject
Global
	GlobalSection(SolutionConfigurationPlatforms) = preSolution
		Debug|Any CPU = Debug|Any CPU
		Release|Any CPU = Release|Any CPU
	EndGlobalSection
	GlobalSection(ProjectConfigurationPlatforms) = postSolution
		{D4C68A5E-D826-48C7-9A22-133C41C71302}.Debug|Any CPU.ActiveCfg = Debug|Any CPU
		{D4C68A5E-D826-48C7-9A22-133C41C71302}.Debug|Any CPU.Build.0 = Debug|Any CPU
		{D4C68A5E-D826-48C7-9A22-133C41C71302}.Release|Any CPU.ActiveCfg = Release|Any CPU
		{D4C68A5E-D826-48C7-9A22-133C41C71302}.Release|Any CPU.Build.0 = Release|Any CPU
	EndGlobalSection
	GlobalSection(SolutionProperties) = preSolution
		HideSolutionNode = FALSE
	EndGlobalSection
	GlobalSection(ExtensibilityGlobals) = postSolution
		SolutionGuid = {0E17C7A9-700B-486F-902E-F7ACE6188F84}
	EndGlobalSection
EndGlobal
